// !$*UTF8*$!
{
	archiveVersion = 1;
	classes = {
	};
	objectVersion = 70;
	objects = {

/* Begin PBXBuildFile section */
		E10000000000000000000001 /* EdgeCoachApp.swift in Sources */ = {isa = PBXBuildFile; fileRef = E20000000000000000000001 /* EdgeCoachApp.swift */; };
		E10000000000000000000002 /* AppState.swift in Sources */ = {isa = PBXBuildFile; fileRef = E20000000000000000000002 /* AppState.swift */; };
		E10000000000000000000003 /* Colors.swift in Sources */ = {isa = PBXBuildFile; fileRef = E20000000000000000000003 /* Colors.swift */; };
		E10000000000000000000004 /* Typography.swift in Sources */ = {isa = PBXBuildFile; fileRef = E20000000000000000000004 /* Typography.swift */; };
		E10000000000000000000005 /* Spacing.swift in Sources */ = {isa = PBXBuildFile; fileRef = E20000000000000000000005 /* Spacing.swift */; };
		E10000000000000000000006 /* User.swift in Sources */ = {isa = PBXBuildFile; fileRef = E20000000000000000000006 /* User.swift */; };
		E10000000000000000000007 /* Activity.swift in Sources */ = {isa = PBXBuildFile; fileRef = E20000000000000000000007 /* Activity.swift */; };
		E10000000000000000000008 /* PlannedSession.swift in Sources */ = {isa = PBXBuildFile; fileRef = E20000000000000000000008 /* PlannedSession.swift */; };
		E10000000000000000000009 /* Dashboard.swift in Sources */ = {isa = PBXBuildFile; fileRef = E20000000000000000000009 /* Dashboard.swift */; };
		E10000000000000000000010 /* Chat.swift in Sources */ = {isa = PBXBuildFile; fileRef = E20000000000000000000010 /* Chat.swift */; };
		E10000000000000000000011 /* APIService.swift in Sources */ = {isa = PBXBuildFile; fileRef = E20000000000000000000011 /* APIService.swift */; };
		E10000000000000000000012 /* UserService.swift in Sources */ = {isa = PBXBuildFile; fileRef = E20000000000000000000012 /* UserService.swift */; };
		E10000000000000000000013 /* DashboardService.swift in Sources */ = {isa = PBXBuildFile; fileRef = E20000000000000000000013 /* DashboardService.swift */; };
		E10000000000000000000014 /* ActivitiesService.swift in Sources */ = {isa = PBXBuildFile; fileRef = E20000000000000000000014 /* ActivitiesService.swift */; };
		E10000000000000000000015 /* PlansService.swift in Sources */ = {isa = PBXBuildFile; fileRef = E20000000000000000000015 /* PlansService.swift */; };
		E10000000000000000000016 /* ChatService.swift in Sources */ = {isa = PBXBuildFile; fileRef = E20000000000000000000016 /* ChatService.swift */; };
		E10000000000000000000017 /* AuthViewModel.swift in Sources */ = {isa = PBXBuildFile; fileRef = E20000000000000000000017 /* AuthViewModel.swift */; };
		E10000000000000000000018 /* DashboardViewModel.swift in Sources */ = {isa = PBXBuildFile; fileRef = E20000000000000000000018 /* DashboardViewModel.swift */; };
		E10000000000000000000019 /* CalendarViewModel.swift in Sources */ = {isa = PBXBuildFile; fileRef = E20000000000000000000019 /* CalendarViewModel.swift */; };
		E10000000000000000000020 /* ChatViewModel.swift in Sources */ = {isa = PBXBuildFile; fileRef = E20000000000000000000020 /* ChatViewModel.swift */; };
		E10000000000000000000021 /* MainTabView.swift in Sources */ = {isa = PBXBuildFile; fileRef = E20000000000000000000021 /* MainTabView.swift */; };
		E10000000000000000000022 /* AuthNavigationView.swift in Sources */ = {isa = PBXBuildFile; fileRef = E20000000000000000000022 /* AuthNavigationView.swift */; };
		E10000000000000000000023 /* LoginView.swift in Sources */ = {isa = PBXBuildFile; fileRef = E20000000000000000000023 /* LoginView.swift */; };
		E10000000000000000000024 /* RegisterView.swift in Sources */ = {isa = PBXBuildFile; fileRef = E20000000000000000000024 /* RegisterView.swift */; };
		E10000000000000000000025 /* DashboardView.swift in Sources */ = {isa = PBXBuildFile; fileRef = E20000000000000000000025 /* DashboardView.swift */; };
		E10000000000000000000026 /* CalendarView.swift in Sources */ = {isa = PBXBuildFile; fileRef = E20000000000000000000026 /* CalendarView.swift */; };
		E10000000000000000000027 /* CoachChatView.swift in Sources */ = {isa = PBXBuildFile; fileRef = E20000000000000000000027 /* CoachChatView.swift */; };
		E10000000000000000000028 /* StatsView.swift in Sources */ = {isa = PBXBuildFile; fileRef = E20000000000000000000028 /* StatsView.swift */; };
		E10000000000000000000029 /* ProfileView.swift in Sources */ = {isa = PBXBuildFile; fileRef = E20000000000000000000029 /* ProfileView.swift */; };
		E10000000000000000000030 /* SessionDetailView.swift in Sources */ = {isa = PBXBuildFile; fileRef = E20000000000000000000030 /* SessionDetailView.swift */; };
		E10000000000000000000031 /* Assets.xcassets in Resources */ = {isa = PBXBuildFile; fileRef = E20000000000000000000031 /* Assets.xcassets */; };
		E10000000000000000000040 /* MetricsService.swift in Sources */ = {isa = PBXBuildFile; fileRef = E20000000000000000000040 /* MetricsService.swift */; };
		E10000000000000000000041 /* EquipmentService.swift in Sources */ = {isa = PBXBuildFile; fileRef = E20000000000000000000041 /* EquipmentService.swift */; };
		E10000000000000000000042 /* LogbookService.swift in Sources */ = {isa = PBXBuildFile; fileRef = E20000000000000000000042 /* LogbookService.swift */; };
		E10000000000000000000043 /* ZonesView.swift in Sources */ = {isa = PBXBuildFile; fileRef = E20000000000000000000043 /* ZonesView.swift */; };
		E10000000000000000000044 /* EquipmentView.swift in Sources */ = {isa = PBXBuildFile; fileRef = E20000000000000000000044 /* EquipmentView.swift */; };
		E10000000000000000000045 /* SportType.swift in Sources */ = {isa = PBXBuildFile; fileRef = E20000000000000000000045 /* SportType.swift */; };
		E10000000000000000000046 /* TrainingPlanCreatorView.swift in Sources */ = {isa = PBXBuildFile; fileRef = E20000000000000000000046 /* TrainingPlanCreatorView.swift */; };
		E10000000000000000000047 /* DisciplineSessionsView.swift in Sources */ = {isa = PBXBuildFile; fileRef = E20000000000000000000047 /* DisciplineSessionsView.swift */; };
		E10000000000000000000048 /* CoachService.swift in Sources */ = {isa = PBXBuildFile; fileRef = E20000000000000000000048 /* CoachService.swift */; };
		E10000000000000000000055 /* SessionAnalysisSheet.swift in Sources */ = {isa = PBXBuildFile; fileRef = E20000000000000000000055 /* SessionAnalysisSheet.swift */; };
		E10000000000000000000050 /* ThemeManager.swift in Sources */ = {isa = PBXBuildFile; fileRef = E20000000000000000000050 /* ThemeManager.swift */; };
		E10000000000000000000051 /* IconManager.swift in Sources */ = {isa = PBXBuildFile; fileRef = E20000000000000000000051 /* IconManager.swift */; };
		E10000000000000000000052 /* LayoutManager.swift in Sources */ = {isa = PBXBuildFile; fileRef = E20000000000000000000052 /* LayoutManager.swift */; };
		E10000000000000000000053 /* AppearanceSettingsView.swift in Sources */ = {isa = PBXBuildFile; fileRef = E20000000000000000000053 /* AppearanceSettingsView.swift */; };
		E10000000000000000000054 /* DashboardSettingsView.swift in Sources */ = {isa = PBXBuildFile; fileRef = E20000000000000000000054 /* DashboardSettingsView.swift */; };
		E10000000000000000000056 /* Gear.swift in Sources */ = {isa = PBXBuildFile; fileRef = E20000000000000000000056 /* Gear.swift */; };
		E10000000000000000000060 /* CustomAnalysisService.swift in Sources */ = {isa = PBXBuildFile; fileRef = E20000000000000000000060 /* CustomAnalysisService.swift */; };
		E10000000000000000000061 /* CustomAnalysesSettingsView.swift in Sources */ = {isa = PBXBuildFile; fileRef = E20000000000000000000061 /* CustomAnalysesSettingsView.swift */; };
		E10000000000000000000062 /* GearDetailView.swift in Sources */ = {isa = PBXBuildFile; fileRef = E20000000000000000000062 /* GearDetailView.swift */; };
/* End PBXBuildFile section */

/* Begin PBXContainerItemProxy section */
		F8C017832ED9EBD900E7CC41 /* PBXContainerItemProxy */ = {
			isa = PBXContainerItemProxy;
			containerPortal = E70000000000000000000001 /* Project object */;
			proxyType = 1;
			remoteGlobalIDString = E50000000000000000000001;
			remoteInfo = EdgeCoach;
		};
/* End PBXContainerItemProxy section */

/* Begin PBXFileReference section */
		E00000000000000000000001 /* EdgeCoach.app */ = {isa = PBXFileReference; explicitFileType = wrapper.application; includeInIndex = 0; path = EdgeCoach.app; sourceTree = BUILT_PRODUCTS_DIR; };
		E20000000000000000000001 /* EdgeCoachApp.swift */ = {isa = PBXFileReference; lastKnownFileType = sourcecode.swift; path = EdgeCoachApp.swift; sourceTree = "<group>"; };
		E20000000000000000000002 /* AppState.swift */ = {isa = PBXFileReference; lastKnownFileType = sourcecode.swift; path = AppState.swift; sourceTree = "<group>"; };
		E20000000000000000000003 /* Colors.swift */ = {isa = PBXFileReference; lastKnownFileType = sourcecode.swift; path = Colors.swift; sourceTree = "<group>"; };
		E20000000000000000000004 /* Typography.swift */ = {isa = PBXFileReference; lastKnownFileType = sourcecode.swift; path = Typography.swift; sourceTree = "<group>"; };
		E20000000000000000000005 /* Spacing.swift */ = {isa = PBXFileReference; lastKnownFileType = sourcecode.swift; path = Spacing.swift; sourceTree = "<group>"; };
		E20000000000000000000006 /* User.swift */ = {isa = PBXFileReference; lastKnownFileType = sourcecode.swift; path = User.swift; sourceTree = "<group>"; };
		E20000000000000000000007 /* Activity.swift */ = {isa = PBXFileReference; lastKnownFileType = sourcecode.swift; path = Activity.swift; sourceTree = "<group>"; };
		E20000000000000000000008 /* PlannedSession.swift */ = {isa = PBXFileReference; lastKnownFileType = sourcecode.swift; path = PlannedSession.swift; sourceTree = "<group>"; };
		E20000000000000000000009 /* Dashboard.swift */ = {isa = PBXFileReference; lastKnownFileType = sourcecode.swift; path = Dashboard.swift; sourceTree = "<group>"; };
		E20000000000000000000010 /* Chat.swift */ = {isa = PBXFileReference; lastKnownFileType = sourcecode.swift; path = Chat.swift; sourceTree = "<group>"; };
		E20000000000000000000011 /* APIService.swift */ = {isa = PBXFileReference; lastKnownFileType = sourcecode.swift; path = APIService.swift; sourceTree = "<group>"; };
		E20000000000000000000012 /* UserService.swift */ = {isa = PBXFileReference; lastKnownFileType = sourcecode.swift; path = UserService.swift; sourceTree = "<group>"; };
		E20000000000000000000013 /* DashboardService.swift */ = {isa = PBXFileReference; lastKnownFileType = sourcecode.swift; path = DashboardService.swift; sourceTree = "<group>"; };
		E20000000000000000000014 /* ActivitiesService.swift */ = {isa = PBXFileReference; lastKnownFileType = sourcecode.swift; path = ActivitiesService.swift; sourceTree = "<group>"; };
		E20000000000000000000015 /* PlansService.swift */ = {isa = PBXFileReference; lastKnownFileType = sourcecode.swift; path = PlansService.swift; sourceTree = "<group>"; };
		E20000000000000000000016 /* ChatService.swift */ = {isa = PBXFileReference; lastKnownFileType = sourcecode.swift; path = ChatService.swift; sourceTree = "<group>"; };
		E20000000000000000000017 /* AuthViewModel.swift */ = {isa = PBXFileReference; lastKnownFileType = sourcecode.swift; path = AuthViewModel.swift; sourceTree = "<group>"; };
		E20000000000000000000018 /* DashboardViewModel.swift */ = {isa = PBXFileReference; lastKnownFileType = sourcecode.swift; path = DashboardViewModel.swift; sourceTree = "<group>"; };
		E20000000000000000000019 /* CalendarViewModel.swift */ = {isa = PBXFileReference; lastKnownFileType = sourcecode.swift; path = CalendarViewModel.swift; sourceTree = "<group>"; };
		E20000000000000000000020 /* ChatViewModel.swift */ = {isa = PBXFileReference; lastKnownFileType = sourcecode.swift; path = ChatViewModel.swift; sourceTree = "<group>"; };
		E20000000000000000000021 /* MainTabView.swift */ = {isa = PBXFileReference; lastKnownFileType = sourcecode.swift; path = MainTabView.swift; sourceTree = "<group>"; };
		E20000000000000000000022 /* AuthNavigationView.swift */ = {isa = PBXFileReference; lastKnownFileType = sourcecode.swift; path = AuthNavigationView.swift; sourceTree = "<group>"; };
		E20000000000000000000023 /* LoginView.swift */ = {isa = PBXFileReference; lastKnownFileType = sourcecode.swift; path = LoginView.swift; sourceTree = "<group>"; };
		E20000000000000000000024 /* RegisterView.swift */ = {isa = PBXFileReference; lastKnownFileType = sourcecode.swift; path = RegisterView.swift; sourceTree = "<group>"; };
		E20000000000000000000025 /* DashboardView.swift */ = {isa = PBXFileReference; lastKnownFileType = sourcecode.swift; path = DashboardView.swift; sourceTree = "<group>"; };
		E20000000000000000000026 /* CalendarView.swift */ = {isa = PBXFileReference; lastKnownFileType = sourcecode.swift; path = CalendarView.swift; sourceTree = "<group>"; };
		E20000000000000000000027 /* CoachChatView.swift */ = {isa = PBXFileReference; lastKnownFileType = sourcecode.swift; path = CoachChatView.swift; sourceTree = "<group>"; };
		E20000000000000000000028 /* StatsView.swift */ = {isa = PBXFileReference; lastKnownFileType = sourcecode.swift; path = StatsView.swift; sourceTree = "<group>"; };
		E20000000000000000000029 /* ProfileView.swift */ = {isa = PBXFileReference; lastKnownFileType = sourcecode.swift; path = ProfileView.swift; sourceTree = "<group>"; };
		E20000000000000000000030 /* SessionDetailView.swift */ = {isa = PBXFileReference; lastKnownFileType = sourcecode.swift; path = SessionDetailView.swift; sourceTree = "<group>"; };
		E20000000000000000000031 /* Assets.xcassets */ = {isa = PBXFileReference; lastKnownFileType = folder.assetcatalog; path = Assets.xcassets; sourceTree = "<group>"; };
		E20000000000000000000032 /* Info.plist */ = {isa = PBXFileReference; lastKnownFileType = text.plist.xml; path = Info.plist; sourceTree = "<group>"; };
		E20000000000000000000040 /* MetricsService.swift */ = {isa = PBXFileReference; lastKnownFileType = sourcecode.swift; path = MetricsService.swift; sourceTree = "<group>"; };
		E20000000000000000000041 /* EquipmentService.swift */ = {isa = PBXFileReference; lastKnownFileType = sourcecode.swift; path = EquipmentService.swift; sourceTree = "<group>"; };
		E20000000000000000000042 /* LogbookService.swift */ = {isa = PBXFileReference; lastKnownFileType = sourcecode.swift; path = LogbookService.swift; sourceTree = "<group>"; };
		E20000000000000000000043 /* ZonesView.swift */ = {isa = PBXFileReference; lastKnownFileType = sourcecode.swift; path = ZonesView.swift; sourceTree = "<group>"; };
		E20000000000000000000044 /* EquipmentView.swift */ = {isa = PBXFileReference; lastKnownFileType = sourcecode.swift; path = EquipmentView.swift; sourceTree = "<group>"; };
		E20000000000000000000045 /* SportType.swift */ = {isa = PBXFileReference; lastKnownFileType = sourcecode.swift; path = SportType.swift; sourceTree = "<group>"; };
		E20000000000000000000046 /* TrainingPlanCreatorView.swift */ = {isa = PBXFileReference; lastKnownFileType = sourcecode.swift; path = TrainingPlanCreatorView.swift; sourceTree = "<group>"; };
		E20000000000000000000047 /* DisciplineSessionsView.swift */ = {isa = PBXFileReference; lastKnownFileType = sourcecode.swift; path = DisciplineSessionsView.swift; sourceTree = "<group>"; };
		E20000000000000000000048 /* CoachService.swift */ = {isa = PBXFileReference; lastKnownFileType = sourcecode.swift; path = CoachService.swift; sourceTree = "<group>"; };
		E20000000000000000000050 /* ThemeManager.swift */ = {isa = PBXFileReference; lastKnownFileType = sourcecode.swift; path = ThemeManager.swift; sourceTree = "<group>"; };
		E20000000000000000000051 /* IconManager.swift */ = {isa = PBXFileReference; lastKnownFileType = sourcecode.swift; path = IconManager.swift; sourceTree = "<group>"; };
		E20000000000000000000052 /* LayoutManager.swift */ = {isa = PBXFileReference; lastKnownFileType = sourcecode.swift; path = LayoutManager.swift; sourceTree = "<group>"; };
		E20000000000000000000053 /* AppearanceSettingsView.swift */ = {isa = PBXFileReference; lastKnownFileType = sourcecode.swift; path = AppearanceSettingsView.swift; sourceTree = "<group>"; };
		E20000000000000000000054 /* DashboardSettingsView.swift */ = {isa = PBXFileReference; lastKnownFileType = sourcecode.swift; path = DashboardSettingsView.swift; sourceTree = "<group>"; };
		E20000000000000000000055 /* SessionAnalysisSheet.swift */ = {isa = PBXFileReference; lastKnownFileType = sourcecode.swift; path = SessionAnalysisSheet.swift; sourceTree = "<group>"; };
		E20000000000000000000056 /* Gear.swift */ = {isa = PBXFileReference; lastKnownFileType = sourcecode.swift; path = Gear.swift; sourceTree = "<group>"; };
		E20000000000000000000060 /* CustomAnalysisService.swift */ = {isa = PBXFileReference; lastKnownFileType = sourcecode.swift; path = CustomAnalysisService.swift; sourceTree = "<group>"; };
		E20000000000000000000061 /* CustomAnalysesSettingsView.swift */ = {isa = PBXFileReference; lastKnownFileType = sourcecode.swift; path = CustomAnalysesSettingsView.swift; sourceTree = "<group>"; };
		E20000000000000000000062 /* GearDetailView.swift */ = {isa = PBXFileReference; lastKnownFileType = sourcecode.swift; path = GearDetailView.swift; sourceTree = "<group>"; };
		F8C0177D2ED9EBD900E7CC41 /* EdgeCoachUITests.xctest */ = {isa = PBXFileReference; explicitFileType = wrapper.cfbundle; includeInIndex = 0; path = EdgeCoachUITests.xctest; sourceTree = BUILT_PRODUCTS_DIR; };
/* End PBXFileReference section */

/* Begin PBXFileSystemSynchronizedRootGroup section */
		F8C0177E2ED9EBD900E7CC41 /* EdgeCoachUITests */ = {isa = PBXFileSystemSynchronizedRootGroup; explicitFileTypes = {}; explicitFolders = (); path = EdgeCoachUITests; sourceTree = "<group>"; };
/* End PBXFileSystemSynchronizedRootGroup section */

/* Begin PBXFrameworksBuildPhase section */
		E30000000000000000000001 /* Frameworks */ = {
			isa = PBXFrameworksBuildPhase;
			buildActionMask = 2147483647;
			files = (
			);
			runOnlyForDeploymentPostprocessing = 0;
		};
		F8C0177A2ED9EBD900E7CC41 /* Frameworks */ = {
			isa = PBXFrameworksBuildPhase;
			buildActionMask = 2147483647;
			files = (
			);
			runOnlyForDeploymentPostprocessing = 0;
		};
/* End PBXFrameworksBuildPhase section */

/* Begin PBXGroup section */
		E40000000000000000000001 = {
			isa = PBXGroup;
			children = (
				E40000000000000000000002 /* EdgeCoach */,
				F8C0177E2ED9EBD900E7CC41 /* EdgeCoachUITests */,
				E40000000000000000000099 /* Products */,
			);
			sourceTree = "<group>";
		};
		E40000000000000000000002 /* EdgeCoach */ = {
			isa = PBXGroup;
			children = (
				E40000000000000000000003 /* App */,
				E40000000000000000000004 /* Theme */,
				E40000000000000000000005 /* Models */,
				E40000000000000000000006 /* Services */,
				E40000000000000000000007 /* ViewModels */,
				E40000000000000000000008 /* Views */,
				E20000000000000000000031 /* Assets.xcassets */,
				E20000000000000000000032 /* Info.plist */,
			);
			path = EdgeCoach;
			sourceTree = "<group>";
		};
		E40000000000000000000003 /* App */ = {
			isa = PBXGroup;
			children = (
				E20000000000000000000001 /* EdgeCoachApp.swift */,
				E20000000000000000000002 /* AppState.swift */,
			);
			path = App;
			sourceTree = "<group>";
		};
		E40000000000000000000004 /* Theme */ = {
			isa = PBXGroup;
			children = (
				E20000000000000000000003 /* Colors.swift */,
				E20000000000000000000004 /* Typography.swift */,
				E20000000000000000000005 /* Spacing.swift */,
				E20000000000000000000050 /* ThemeManager.swift */,
				E20000000000000000000051 /* IconManager.swift */,
				E20000000000000000000052 /* LayoutManager.swift */,
			);
			path = Theme;
			sourceTree = "<group>";
		};
		E40000000000000000000005 /* Models */ = {
			isa = PBXGroup;
			children = (
				E20000000000000000000006 /* User.swift */,
				E20000000000000000000007 /* Activity.swift */,
				E20000000000000000000008 /* PlannedSession.swift */,
				E20000000000000000000009 /* Dashboard.swift */,
				E20000000000000000000010 /* Chat.swift */,
				E20000000000000000000045 /* SportType.swift */,
				E20000000000000000000056 /* Gear.swift */,
			);
			path = Models;
			sourceTree = "<group>";
		};
		E40000000000000000000006 /* Services */ = {
			isa = PBXGroup;
			children = (
				E20000000000000000000011 /* APIService.swift */,
				E20000000000000000000012 /* UserService.swift */,
				E20000000000000000000013 /* DashboardService.swift */,
				E20000000000000000000014 /* ActivitiesService.swift */,
				E20000000000000000000015 /* PlansService.swift */,
				E20000000000000000000016 /* ChatService.swift */,
				E20000000000000000000048 /* CoachService.swift */,
				E20000000000000000000040 /* MetricsService.swift */,
				E20000000000000000000041 /* EquipmentService.swift */,
				E20000000000000000000042 /* LogbookService.swift */,
				E20000000000000000000060 /* CustomAnalysisService.swift */,
			);
			path = Services;
			sourceTree = "<group>";
		};
		E40000000000000000000007 /* ViewModels */ = {
			isa = PBXGroup;
			children = (
				E20000000000000000000017 /* AuthViewModel.swift */,
				E20000000000000000000018 /* DashboardViewModel.swift */,
				E20000000000000000000019 /* CalendarViewModel.swift */,
				E20000000000000000000020 /* ChatViewModel.swift */,
			);
			path = ViewModels;
			sourceTree = "<group>";
		};
		E40000000000000000000008 /* Views */ = {
			isa = PBXGroup;
			children = (
				E20000000000000000000021 /* MainTabView.swift */,
				E40000000000000000000009 /* Auth */,
				E40000000000000000000010 /* Dashboard */,
				E40000000000000000000011 /* Calendar */,
				E40000000000000000000012 /* Coach */,
				E40000000000000000000013 /* Stats */,
				E40000000000000000000014 /* Profile */,
				E40000000000000000000015 /* Session */,
				E40000000000000000000016 /* Plans */,
			);
			path = Views;
			sourceTree = "<group>";
		};
		E40000000000000000000009 /* Auth */ = {
			isa = PBXGroup;
			children = (
				E20000000000000000000022 /* AuthNavigationView.swift */,
				E20000000000000000000023 /* LoginView.swift */,
				E20000000000000000000024 /* RegisterView.swift */,
			);
			path = Auth;
			sourceTree = "<group>";
		};
		E40000000000000000000010 /* Dashboard */ = {
			isa = PBXGroup;
			children = (
				E20000000000000000000025 /* DashboardView.swift */,
				E20000000000000000000054 /* DashboardSettingsView.swift */,
			);
			path = Dashboard;
			sourceTree = "<group>";
		};
		E40000000000000000000011 /* Calendar */ = {
			isa = PBXGroup;
			children = (
				E20000000000000000000026 /* CalendarView.swift */,
			);
			path = Calendar;
			sourceTree = "<group>";
		};
		E40000000000000000000012 /* Coach */ = {
			isa = PBXGroup;
			children = (
				E20000000000000000000027 /* CoachChatView.swift */,
			);
			path = Coach;
			sourceTree = "<group>";
		};
		E40000000000000000000013 /* Stats */ = {
			isa = PBXGroup;
			children = (
				E20000000000000000000028 /* StatsView.swift */,
			);
			path = Stats;
			sourceTree = "<group>";
		};
		E40000000000000000000014 /* Profile */ = {
			isa = PBXGroup;
			children = (
				E20000000000000000000029 /* ProfileView.swift */,
				E20000000000000000000043 /* ZonesView.swift */,
				E20000000000000000000044 /* EquipmentView.swift */,
				E20000000000000000000053 /* AppearanceSettingsView.swift */,
				E20000000000000000000061 /* CustomAnalysesSettingsView.swift */,
				E20000000000000000000062 /* GearDetailView.swift */,
			);
			path = Profile;
			sourceTree = "<group>";
		};
		E40000000000000000000015 /* Session */ = {
			isa = PBXGroup;
			children = (
				E20000000000000000000030 /* SessionDetailView.swift */,
				E20000000000000000000047 /* DisciplineSessionsView.swift */,
				E20000000000000000000055 /* SessionAnalysisSheet.swift */,
			);
			path = Session;
			sourceTree = "<group>";
		};
		E40000000000000000000016 /* Plans */ = {
			isa = PBXGroup;
			children = (
				E20000000000000000000046 /* TrainingPlanCreatorView.swift */,
			);
			path = Plans;
			sourceTree = "<group>";
		};
		E40000000000000000000099 /* Products */ = {
			isa = PBXGroup;
			children = (
				E00000000000000000000001 /* EdgeCoach.app */,
				F8C0177D2ED9EBD900E7CC41 /* EdgeCoachUITests.xctest */,
			);
			name = Products;
			sourceTree = "<group>";
		};
/* End PBXGroup section */

/* Begin PBXNativeTarget section */
		E50000000000000000000001 /* EdgeCoach */ = {
			isa = PBXNativeTarget;
			buildConfigurationList = E60000000000000000000001 /* Build configuration list for PBXNativeTarget "EdgeCoach" */;
			buildPhases = (
				E50000000000000000000002 /* Sources */,
				E30000000000000000000001 /* Frameworks */,
				E50000000000000000000003 /* Resources */,
			);
			buildRules = (
			);
			dependencies = (
			);
			name = EdgeCoach;
			productName = EdgeCoach;
			productReference = E00000000000000000000001 /* EdgeCoach.app */;
			productType = "com.apple.product-type.application";
		};
		F8C0177C2ED9EBD900E7CC41 /* EdgeCoachUITests */ = {
			isa = PBXNativeTarget;
			buildConfigurationList = F8C017872ED9EBD900E7CC41 /* Build configuration list for PBXNativeTarget "EdgeCoachUITests" */;
			buildPhases = (
				F8C017792ED9EBD900E7CC41 /* Sources */,
				F8C0177A2ED9EBD900E7CC41 /* Frameworks */,
				F8C0177B2ED9EBD900E7CC41 /* Resources */,
			);
			buildRules = (
			);
			dependencies = (
				F8C017842ED9EBD900E7CC41 /* PBXTargetDependency */,
			);
			fileSystemSynchronizedGroups = (
				F8C0177E2ED9EBD900E7CC41 /* EdgeCoachUITests */,
			);
			name = EdgeCoachUITests;
			packageProductDependencies = (
			);
			productName = EdgeCoachUITests;
			productReference = F8C0177D2ED9EBD900E7CC41 /* EdgeCoachUITests.xctest */;
			productType = "com.apple.product-type.bundle.ui-testing";
		};
/* End PBXNativeTarget section */

/* Begin PBXProject section */
		E70000000000000000000001 /* Project object */ = {
			isa = PBXProject;
			attributes = {
				BuildIndependentTargetsInParallel = 1;
				LastSwiftUpdateCheck = 1630;
				LastUpgradeCheck = 1500;
				TargetAttributes = {
					E50000000000000000000001 = {
						CreatedOnToolsVersion = 15.0;
					};
					F8C0177C2ED9EBD900E7CC41 = {
						CreatedOnToolsVersion = 16.3;
						TestTargetID = E50000000000000000000001;
					};
				};
			};
			buildConfigurationList = E60000000000000000000002 /* Build configuration list for PBXProject "EdgeCoach" */;
			compatibilityVersion = "Xcode 14.0";
			developmentRegion = fr;
			hasScannedForEncodings = 0;
			knownRegions = (
				en,
				Base,
				fr,
			);
			mainGroup = E40000000000000000000001;
			productRefGroup = E40000000000000000000099 /* Products */;
			projectDirPath = "";
			projectRoot = "";
			targets = (
				E50000000000000000000001 /* EdgeCoach */,
				F8C0177C2ED9EBD900E7CC41 /* EdgeCoachUITests */,
			);
		};
/* End PBXProject section */

/* Begin PBXResourcesBuildPhase section */
		E50000000000000000000003 /* Resources */ = {
			isa = PBXResourcesBuildPhase;
			buildActionMask = 2147483647;
			files = (
				E10000000000000000000031 /* Assets.xcassets in Resources */,
			);
			runOnlyForDeploymentPostprocessing = 0;
		};
		F8C0177B2ED9EBD900E7CC41 /* Resources */ = {
			isa = PBXResourcesBuildPhase;
			buildActionMask = 2147483647;
			files = (
			);
			runOnlyForDeploymentPostprocessing = 0;
		};
/* End PBXResourcesBuildPhase section */

/* Begin PBXSourcesBuildPhase section */
		E50000000000000000000002 /* Sources */ = {
			isa = PBXSourcesBuildPhase;
			buildActionMask = 2147483647;
			files = (
				E10000000000000000000001 /* EdgeCoachApp.swift in Sources */,
				E10000000000000000000002 /* AppState.swift in Sources */,
				E10000000000000000000003 /* Colors.swift in Sources */,
				E10000000000000000000004 /* Typography.swift in Sources */,
				E10000000000000000000005 /* Spacing.swift in Sources */,
				E10000000000000000000006 /* User.swift in Sources */,
				E10000000000000000000007 /* Activity.swift in Sources */,
				E10000000000000000000008 /* PlannedSession.swift in Sources */,
				E10000000000000000000009 /* Dashboard.swift in Sources */,
				E10000000000000000000010 /* Chat.swift in Sources */,
				E10000000000000000000011 /* APIService.swift in Sources */,
				E10000000000000000000012 /* UserService.swift in Sources */,
				E10000000000000000000013 /* DashboardService.swift in Sources */,
				E10000000000000000000014 /* ActivitiesService.swift in Sources */,
				E10000000000000000000015 /* PlansService.swift in Sources */,
				E10000000000000000000016 /* ChatService.swift in Sources */,
				E10000000000000000000017 /* AuthViewModel.swift in Sources */,
				E10000000000000000000018 /* DashboardViewModel.swift in Sources */,
				E10000000000000000000019 /* CalendarViewModel.swift in Sources */,
				E10000000000000000000020 /* ChatViewModel.swift in Sources */,
				E10000000000000000000021 /* MainTabView.swift in Sources */,
				E10000000000000000000022 /* AuthNavigationView.swift in Sources */,
				E10000000000000000000023 /* LoginView.swift in Sources */,
				E10000000000000000000024 /* RegisterView.swift in Sources */,
				E10000000000000000000025 /* DashboardView.swift in Sources */,
				E10000000000000000000054 /* DashboardSettingsView.swift in Sources */,
				E10000000000000000000026 /* CalendarView.swift in Sources */,
				E10000000000000000000027 /* CoachChatView.swift in Sources */,
				E10000000000000000000028 /* StatsView.swift in Sources */,
				E10000000000000000000029 /* ProfileView.swift in Sources */,
				E10000000000000000000030 /* SessionDetailView.swift in Sources */,
				E10000000000000000000040 /* MetricsService.swift in Sources */,
				E10000000000000000000041 /* EquipmentService.swift in Sources */,
				E10000000000000000000042 /* LogbookService.swift in Sources */,
				E10000000000000000000048 /* CoachService.swift in Sources */,
				E10000000000000000000043 /* ZonesView.swift in Sources */,
				E10000000000000000000044 /* EquipmentView.swift in Sources */,
				E10000000000000000000045 /* SportType.swift in Sources */,
				E10000000000000000000056 /* Gear.swift in Sources */,
				E10000000000000000000046 /* TrainingPlanCreatorView.swift in Sources */,
				E10000000000000000000047 /* DisciplineSessionsView.swift in Sources */,
				E10000000000000000000055 /* SessionAnalysisSheet.swift in Sources */,
				E10000000000000000000050 /* ThemeManager.swift in Sources */,
				E10000000000000000000051 /* IconManager.swift in Sources */,
				E10000000000000000000052 /* LayoutManager.swift in Sources */,
				E10000000000000000000053 /* AppearanceSettingsView.swift in Sources */,
				E10000000000000000000060 /* CustomAnalysisService.swift in Sources */,
				E10000000000000000000061 /* CustomAnalysesSettingsView.swift in Sources */,
				E10000000000000000000062 /* GearDetailView.swift in Sources */,
			);
			runOnlyForDeploymentPostprocessing = 0;
		};
		F8C017792ED9EBD900E7CC41 /* Sources */ = {
			isa = PBXSourcesBuildPhase;
			buildActionMask = 2147483647;
			files = (
			);
			runOnlyForDeploymentPostprocessing = 0;
		};
/* End PBXSourcesBuildPhase section */

/* Begin PBXTargetDependency section */
		F8C017842ED9EBD900E7CC41 /* PBXTargetDependency */ = {
			isa = PBXTargetDependency;
			target = E50000000000000000000001 /* EdgeCoach */;
			targetProxy = F8C017832ED9EBD900E7CC41 /* PBXContainerItemProxy */;
		};
/* End PBXTargetDependency section */

/* Begin XCBuildConfiguration section */
		E80000000000000000000001 /* Debug */ = {
			isa = XCBuildConfiguration;
			buildSettings = {
				ALWAYS_SEARCH_USER_PATHS = NO;
				ASSETCATALOG_COMPILER_GENERATE_SWIFT_ASSET_SYMBOL_EXTENSIONS = YES;
				CLANG_ANALYZER_NONNULL = YES;
				CLANG_ANALYZER_NUMBER_OBJECT_CONVERSION = YES_AGGRESSIVE;
				CLANG_CXX_LANGUAGE_STANDARD = "gnu++20";
				CLANG_ENABLE_MODULES = YES;
				CLANG_ENABLE_OBJC_ARC = YES;
				CLANG_ENABLE_OBJC_WEAK = YES;
				CLANG_WARN_BLOCK_CAPTURE_AUTORELEASING = YES;
				CLANG_WARN_BOOL_CONVERSION = YES;
				CLANG_WARN_COMMA = YES;
				CLANG_WARN_CONSTANT_CONVERSION = YES;
				CLANG_WARN_DEPRECATED_OBJC_IMPLEMENTATIONS = YES;
				CLANG_WARN_DIRECT_OBJC_ISA_USAGE = YES_ERROR;
				CLANG_WARN_DOCUMENTATION_COMMENTS = YES;
				CLANG_WARN_EMPTY_BODY = YES;
				CLANG_WARN_ENUM_CONVERSION = YES;
				CLANG_WARN_INFINITE_RECURSION = YES;
				CLANG_WARN_INT_CONVERSION = YES;
				CLANG_WARN_NON_LITERAL_NULL_CONVERSION = YES;
				CLANG_WARN_OBJC_IMPLICIT_RETAIN_SELF = YES;
				CLANG_WARN_OBJC_LITERAL_CONVERSION = YES;
				CLANG_WARN_OBJC_ROOT_CLASS = YES_ERROR;
				CLANG_WARN_QUOTED_INCLUDE_IN_FRAMEWORK_HEADER = YES;
				CLANG_WARN_RANGE_LOOP_ANALYSIS = YES;
				CLANG_WARN_STRICT_PROTOTYPES = YES;
				CLANG_WARN_SUSPICIOUS_MOVE = YES;
				CLANG_WARN_UNGUARDED_AVAILABILITY = YES_AGGRESSIVE;
				CLANG_WARN_UNREACHABLE_CODE = YES;
				CLANG_WARN__DUPLICATE_METHOD_MATCH = YES;
				COPY_PHASE_STRIP = NO;
				DEBUG_INFORMATION_FORMAT = dwarf;
				ENABLE_STRICT_OBJC_MSGSEND = YES;
				ENABLE_TESTABILITY = YES;
				ENABLE_USER_SCRIPT_SANDBOXING = YES;
				GCC_C_LANGUAGE_STANDARD = gnu17;
				GCC_DYNAMIC_NO_PIC = NO;
				GCC_NO_COMMON_BLOCKS = YES;
				GCC_OPTIMIZATION_LEVEL = 0;
				GCC_PREPROCESSOR_DEFINITIONS = (
					"DEBUG=1",
					"$(inherited)",
				);
				GCC_WARN_64_TO_32_BIT_CONVERSION = YES;
				GCC_WARN_ABOUT_RETURN_TYPE = YES_ERROR;
				GCC_WARN_UNDECLARED_SELECTOR = YES;
				GCC_WARN_UNINITIALIZED_AUTOS = YES_AGGRESSIVE;
				GCC_WARN_UNUSED_FUNCTION = YES;
				GCC_WARN_UNUSED_VARIABLE = YES;
				IPHONEOS_DEPLOYMENT_TARGET = 16.0;
				LOCALIZATION_PREFERS_STRING_CATALOGS = YES;
				MTL_ENABLE_DEBUG_INFO = INCLUDE_SOURCE;
				MTL_FAST_MATH = YES;
				ONLY_ACTIVE_ARCH = YES;
				SDKROOT = iphoneos;
				SWIFT_ACTIVE_COMPILATION_CONDITIONS = "DEBUG $(inherited)";
				SWIFT_OPTIMIZATION_LEVEL = "-Onone";
			};
			name = Debug;
		};
		E80000000000000000000002 /* Release */ = {
			isa = XCBuildConfiguration;
			buildSettings = {
				ALWAYS_SEARCH_USER_PATHS = NO;
				ASSETCATALOG_COMPILER_GENERATE_SWIFT_ASSET_SYMBOL_EXTENSIONS = YES;
				CLANG_ANALYZER_NONNULL = YES;
				CLANG_ANALYZER_NUMBER_OBJECT_CONVERSION = YES_AGGRESSIVE;
				CLANG_CXX_LANGUAGE_STANDARD = "gnu++20";
				CLANG_ENABLE_MODULES = YES;
				CLANG_ENABLE_OBJC_ARC = YES;
				CLANG_ENABLE_OBJC_WEAK = YES;
				CLANG_WARN_BLOCK_CAPTURE_AUTORELEASING = YES;
				CLANG_WARN_BOOL_CONVERSION = YES;
				CLANG_WARN_COMMA = YES;
				CLANG_WARN_CONSTANT_CONVERSION = YES;
				CLANG_WARN_DEPRECATED_OBJC_IMPLEMENTATIONS = YES;
				CLANG_WARN_DIRECT_OBJC_ISA_USAGE = YES_ERROR;
				CLANG_WARN_DOCUMENTATION_COMMENTS = YES;
				CLANG_WARN_EMPTY_BODY = YES;
				CLANG_WARN_ENUM_CONVERSION = YES;
				CLANG_WARN_INFINITE_RECURSION = YES;
				CLANG_WARN_INT_CONVERSION = YES;
				CLANG_WARN_NON_LITERAL_NULL_CONVERSION = YES;
				CLANG_WARN_OBJC_IMPLICIT_RETAIN_SELF = YES;
				CLANG_WARN_OBJC_LITERAL_CONVERSION = YES;
				CLANG_WARN_OBJC_ROOT_CLASS = YES_ERROR;
				CLANG_WARN_QUOTED_INCLUDE_IN_FRAMEWORK_HEADER = YES;
				CLANG_WARN_RANGE_LOOP_ANALYSIS = YES;
				CLANG_WARN_STRICT_PROTOTYPES = YES;
				CLANG_WARN_SUSPICIOUS_MOVE = YES;
				CLANG_WARN_UNGUARDED_AVAILABILITY = YES_AGGRESSIVE;
				CLANG_WARN_UNREACHABLE_CODE = YES;
				CLANG_WARN__DUPLICATE_METHOD_MATCH = YES;
				COPY_PHASE_STRIP = NO;
				DEBUG_INFORMATION_FORMAT = "dwarf-with-dsym";
				ENABLE_NS_ASSERTIONS = NO;
				ENABLE_STRICT_OBJC_MSGSEND = YES;
				ENABLE_USER_SCRIPT_SANDBOXING = YES;
				GCC_C_LANGUAGE_STANDARD = gnu17;
				GCC_NO_COMMON_BLOCKS = YES;
				GCC_WARN_64_TO_32_BIT_CONVERSION = YES;
				GCC_WARN_ABOUT_RETURN_TYPE = YES_ERROR;
				GCC_WARN_UNDECLARED_SELECTOR = YES;
				GCC_WARN_UNINITIALIZED_AUTOS = YES_AGGRESSIVE;
				GCC_WARN_UNUSED_FUNCTION = YES;
				GCC_WARN_UNUSED_VARIABLE = YES;
				IPHONEOS_DEPLOYMENT_TARGET = 16.0;
				LOCALIZATION_PREFERS_STRING_CATALOGS = YES;
				MTL_ENABLE_DEBUG_INFO = NO;
				MTL_FAST_MATH = YES;
				SDKROOT = iphoneos;
				SWIFT_COMPILATION_MODE = wholemodule;
				VALIDATE_PRODUCT = YES;
			};
			name = Release;
		};
		E80000000000000000000003 /* Debug */ = {
			isa = XCBuildConfiguration;
			buildSettings = {
				ASSETCATALOG_COMPILER_APPICON_NAME = AppIcon;
				ASSETCATALOG_COMPILER_GLOBAL_ACCENT_COLOR_NAME = AccentColor;
				CODE_SIGN_STYLE = Automatic;
				CURRENT_PROJECT_VERSION = 1;
				DEVELOPMENT_TEAM = "";
				ENABLE_PREVIEWS = YES;
				GENERATE_INFOPLIST_FILE = YES;
				INFOPLIST_FILE = EdgeCoach/Info.plist;
				INFOPLIST_KEY_CFBundleDisplayName = EdgeCoach;
				INFOPLIST_KEY_UIApplicationSceneManifest_Generation = YES;
				INFOPLIST_KEY_UIApplicationSupportsIndirectInputEvents = YES;
				INFOPLIST_KEY_UILaunchScreen_Generation = YES;
				INFOPLIST_KEY_UISupportedInterfaceOrientations = UIInterfaceOrientationPortrait;
				INFOPLIST_KEY_UISupportedInterfaceOrientations_iPad = "UIInterfaceOrientationLandscapeLeft UIInterfaceOrientationLandscapeRight UIInterfaceOrientationPortrait UIInterfaceOrientationPortraitUpsideDown";
				LD_RUNPATH_SEARCH_PATHS = (
					"$(inherited)",
					"@executable_path/Frameworks",
				);
				MARKETING_VERSION = 1.0;
				PRODUCT_BUNDLE_IDENTIFIER = com.edgecoach.app;
				PRODUCT_NAME = "$(TARGET_NAME)";
				SUPPORTED_PLATFORMS = "iphoneos iphonesimulator";
				SUPPORTS_MACCATALYST = NO;
				SUPPORTS_MAC_DESIGNED_FOR_IPHONE_IPAD = NO;
				SWIFT_EMIT_LOC_STRINGS = YES;
				SWIFT_VERSION = 5.0;
				TARGETED_DEVICE_FAMILY = 1;
			};
			name = Debug;
		};
		E80000000000000000000004 /* Release */ = {
			isa = XCBuildConfiguration;
			buildSettings = {
				ASSETCATALOG_COMPILER_APPICON_NAME = AppIcon;
				ASSETCATALOG_COMPILER_GLOBAL_ACCENT_COLOR_NAME = AccentColor;
				CODE_SIGN_STYLE = Automatic;
				CURRENT_PROJECT_VERSION = 1;
				DEVELOPMENT_TEAM = "";
				ENABLE_PREVIEWS = YES;
				GENERATE_INFOPLIST_FILE = YES;
				INFOPLIST_FILE = EdgeCoach/Info.plist;
				INFOPLIST_KEY_CFBundleDisplayName = EdgeCoach;
				INFOPLIST_KEY_UIApplicationSceneManifest_Generation = YES;
				INFOPLIST_KEY_UIApplicationSupportsIndirectInputEvents = YES;
				INFOPLIST_KEY_UILaunchScreen_Generation = YES;
				INFOPLIST_KEY_UISupportedInterfaceOrientations = UIInterfaceOrientationPortrait;
				INFOPLIST_KEY_UISupportedInterfaceOrientations_iPad = "UIInterfaceOrientationLandscapeLeft UIInterfaceOrientationLandscapeRight UIInterfaceOrientationPortrait UIInterfaceOrientationPortraitUpsideDown";
				LD_RUNPATH_SEARCH_PATHS = (
					"$(inherited)",
					"@executable_path/Frameworks",
				);
				MARKETING_VERSION = 1.0;
				PRODUCT_BUNDLE_IDENTIFIER = com.edgecoach.app;
				PRODUCT_NAME = "$(TARGET_NAME)";
				SUPPORTED_PLATFORMS = "iphoneos iphonesimulator";
				SUPPORTS_MACCATALYST = NO;
				SUPPORTS_MAC_DESIGNED_FOR_IPHONE_IPAD = NO;
				SWIFT_EMIT_LOC_STRINGS = YES;
				SWIFT_VERSION = 5.0;
				TARGETED_DEVICE_FAMILY = 1;
			};
			name = Release;
		};
		F8C017852ED9EBD900E7CC41 /* Debug */ = {
			isa = XCBuildConfiguration;
			buildSettings = {
				CODE_SIGN_STYLE = Automatic;
				CURRENT_PROJECT_VERSION = 1;
				GENERATE_INFOPLIST_FILE = YES;
				IPHONEOS_DEPLOYMENT_TARGET = 18.4;
				MARKETING_VERSION = 1.0;
				PRODUCT_BUNDLE_IDENTIFIER = A.EdgeCoachUITests;
				PRODUCT_NAME = "$(TARGET_NAME)";
				SWIFT_EMIT_LOC_STRINGS = NO;
				SWIFT_VERSION = 5.0;
				TARGETED_DEVICE_FAMILY = "1,2";
				TEST_TARGET_NAME = EdgeCoach;
			};
			name = Debug;
		};
		F8C017862ED9EBD900E7CC41 /* Release */ = {
			isa = XCBuildConfiguration;
			buildSettings = {
				CODE_SIGN_STYLE = Automatic;
				CURRENT_PROJECT_VERSION = 1;
				GENERATE_INFOPLIST_FILE = YES;
				IPHONEOS_DEPLOYMENT_TARGET = 18.4;
				MARKETING_VERSION = 1.0;
				PRODUCT_BUNDLE_IDENTIFIER = A.EdgeCoachUITests;
				PRODUCT_NAME = "$(TARGET_NAME)";
				SWIFT_EMIT_LOC_STRINGS = NO;
				SWIFT_VERSION = 5.0;
				TARGETED_DEVICE_FAMILY = "1,2";
				TEST_TARGET_NAME = EdgeCoach;
			};
			name = Release;
		};
/* End XCBuildConfiguration section */

/* Begin XCConfigurationList section */
		E60000000000000000000001 /* Build configuration list for PBXNativeTarget "EdgeCoach" */ = {
			isa = XCConfigurationList;
			buildConfigurations = (
				E80000000000000000000003 /* Debug */,
				E80000000000000000000004 /* Release */,
			);
			defaultConfigurationIsVisible = 0;
			defaultConfigurationName = Release;
		};
		E60000000000000000000002 /* Build configuration list for PBXProject "EdgeCoach" */ = {
			isa = XCConfigurationList;
			buildConfigurations = (
				E80000000000000000000001 /* Debug */,
				E80000000000000000000002 /* Release */,
			);
			defaultConfigurationIsVisible = 0;
			defaultConfigurationName = Release;
		};
		F8C017872ED9EBD900E7CC41 /* Build configuration list for PBXNativeTarget "EdgeCoachUITests" */ = {
			isa = XCConfigurationList;
			buildConfigurations = (
				F8C017852ED9EBD900E7CC41 /* Debug */,
				F8C017862ED9EBD900E7CC41 /* Release */,
			);
			defaultConfigurationIsVisible = 0;
			defaultConfigurationName = Release;
		};
/* End XCConfigurationList section */
	};
	rootObject = E70000000000000000000001 /* Project object */;
}
